// !$*UTF8*$!
{
	archiveVersion = 1;
	classes = {
	};
	objectVersion = 50;
	objects = {

/* Begin PBXBuildFile section */
		7A70D3DC21E44C1000F42FFD /* CustomHighlightFocusView.m in Sources */ = {isa = PBXBuildFile; fileRef = 7A70D3DB21E44C1000F42FFD /* CustomHighlightFocusView.m */; };
		7AE9B0BE21DEFCE000330976 /* AppDelegate.m in Sources */ = {isa = PBXBuildFile; fileRef = 7AE9B0BD21DEFCE000330976 /* AppDelegate.m */; };
		7AE9B0C121DEFCE000330976 /* ViewController.m in Sources */ = {isa = PBXBuildFile; fileRef = 7AE9B0C021DEFCE000330976 /* ViewController.m */; };
		7AE9B0C421DEFCE000330976 /* Main.storyboard in Resources */ = {isa = PBXBuildFile; fileRef = 7AE9B0C221DEFCE000330976 /* Main.storyboard */; };
		7AE9B0C621DEFCE200330976 /* Assets.xcassets in Resources */ = {isa = PBXBuildFile; fileRef = 7AE9B0C521DEFCE200330976 /* Assets.xcassets */; };
		7AE9B0C921DEFCE200330976 /* LaunchScreen.storyboard in Resources */ = {isa = PBXBuildFile; fileRef = 7AE9B0C721DEFCE200330976 /* LaunchScreen.storyboard */; };
		7AE9B0CC21DEFCE200330976 /* main.m in Sources */ = {isa = PBXBuildFile; fileRef = 7AE9B0CB21DEFCE200330976 /* main.m */; };
		7AE9B0DF21DEFDEC00330976 /* GLChartsView.m in Sources */ = {isa = PBXBuildFile; fileRef = 7AE9B0D321DEFDEC00330976 /* GLChartsView.m */; };
		7AE9B0E221DEFDEC00330976 /* GLChartsHighlightView.m in Sources */ = {isa = PBXBuildFile; fileRef = 7AE9B0D721DEFDEC00330976 /* GLChartsHighlightView.m */; };
		7AE9B0E321DEFDEC00330976 /* GLChartsHighlightFocusView.m in Sources */ = {isa = PBXBuildFile; fileRef = 7AE9B0D821DEFDEC00330976 /* GLChartsHighlightFocusView.m */; };
		7AE9B0E421DEFDEC00330976 /* GLChartsUtils.m in Sources */ = {isa = PBXBuildFile; fileRef = 7AE9B0DC21DEFDEC00330976 /* GLChartsUtils.m */; };
		7AE9B0EA21DF534200330976 /* ChartsDefaultViewController.m in Sources */ = {isa = PBXBuildFile; fileRef = 7AE9B0E921DF534200330976 /* ChartsDefaultViewController.m */; };
		7AE9B0ED21DF55AF00330976 /* ChartsCustomFocusViewController.m in Sources */ = {isa = PBXBuildFile; fileRef = 7AE9B0EC21DF55AF00330976 /* ChartsCustomFocusViewController.m */; };
		7AE9B0F021DF55FB00330976 /* ChartsCustomHighlightViewController.m in Sources */ = {isa = PBXBuildFile; fileRef = 7AE9B0EF21DF55FB00330976 /* ChartsCustomHighlightViewController.m */; };
		7AE9B0F321DF572100330976 /* ChartsCustomAxisViewController.m in Sources */ = {isa = PBXBuildFile; fileRef = 7AE9B0F221DF572100330976 /* ChartsCustomAxisViewController.m */; };
		7AE9B0F621DF57F900330976 /* ChartsCustomGridViewController.m in Sources */ = {isa = PBXBuildFile; fileRef = 7AE9B0F521DF57F900330976 /* ChartsCustomGridViewController.m */; };
		7AE9B0F921DF5BB100330976 /* ChartsCustomFocusAnimationViewController.m in Sources */ = {isa = PBXBuildFile; fileRef = 7AE9B0F821DF5BB100330976 /* ChartsCustomFocusAnimationViewController.m */; };
		7AE9B0FC21E0B47400330976 /* ChartsBaseViewController.m in Sources */ = {isa = PBXBuildFile; fileRef = 7AE9B0FB21E0B47400330976 /* ChartsBaseViewController.m */; };
		7AE9B10421E1EE9B00330976 /* defaultDatas.geojson in Resources */ = {isa = PBXBuildFile; fileRef = 7AE9B10321E1EE9B00330976 /* defaultDatas.geojson */; };
		7AE9B10721E3361600330976 /* CustomHighlightView.m in Sources */ = {isa = PBXBuildFile; fileRef = 7AE9B10621E3361600330976 /* CustomHighlightView.m */; };
		FED08EA56B56C89C280B5A4D /* libPods-GLChartsView.a in Frameworks */ = {isa = PBXBuildFile; fileRef = 2A242053F524F3F0E6EF3401 /* libPods-GLChartsView.a */; };
/* End PBXBuildFile section */

/* Begin PBXFileReference section */
		2A242053F524F3F0E6EF3401 /* libPods-GLChartsView.a */ = {isa = PBXFileReference; explicitFileType = archive.ar; includeInIndex = 0; path = "libPods-GLChartsView.a"; sourceTree = BUILT_PRODUCTS_DIR; };
		7A70D3DA21E44C1000F42FFD /* CustomHighlightFocusView.h */ = {isa = PBXFileReference; lastKnownFileType = sourcecode.c.h; path = CustomHighlightFocusView.h; sourceTree = "<group>"; };
		7A70D3DB21E44C1000F42FFD /* CustomHighlightFocusView.m */ = {isa = PBXFileReference; lastKnownFileType = sourcecode.c.objc; path = CustomHighlightFocusView.m; sourceTree = "<group>"; };
		7AE9B0B921DEFCE000330976 /* GLChartsView.app */ = {isa = PBXFileReference; explicitFileType = wrapper.application; includeInIndex = 0; path = GLChartsView.app; sourceTree = BUILT_PRODUCTS_DIR; };
		7AE9B0BC21DEFCE000330976 /* AppDelegate.h */ = {isa = PBXFileReference; lastKnownFileType = sourcecode.c.h; path = AppDelegate.h; sourceTree = "<group>"; };
		7AE9B0BD21DEFCE000330976 /* AppDelegate.m */ = {isa = PBXFileReference; lastKnownFileType = sourcecode.c.objc; path = AppDelegate.m; sourceTree = "<group>"; };
		7AE9B0BF21DEFCE000330976 /* ViewController.h */ = {isa = PBXFileReference; lastKnownFileType = sourcecode.c.h; path = ViewController.h; sourceTree = "<group>"; };
		7AE9B0C021DEFCE000330976 /* ViewController.m */ = {isa = PBXFileReference; lastKnownFileType = sourcecode.c.objc; path = ViewController.m; sourceTree = "<group>"; };
		7AE9B0C321DEFCE000330976 /* Base */ = {isa = PBXFileReference; lastKnownFileType = file.storyboard; name = Base; path = Base.lproj/Main.storyboard; sourceTree = "<group>"; };
		7AE9B0C521DEFCE200330976 /* Assets.xcassets */ = {isa = PBXFileReference; lastKnownFileType = folder.assetcatalog; path = Assets.xcassets; sourceTree = "<group>"; };
		7AE9B0C821DEFCE200330976 /* Base */ = {isa = PBXFileReference; lastKnownFileType = file.storyboard; name = Base; path = Base.lproj/LaunchScreen.storyboard; sourceTree = "<group>"; };
		7AE9B0CA21DEFCE200330976 /* Info.plist */ = {isa = PBXFileReference; lastKnownFileType = text.plist.xml; path = Info.plist; sourceTree = "<group>"; };
		7AE9B0CB21DEFCE200330976 /* main.m */ = {isa = PBXFileReference; lastKnownFileType = sourcecode.c.objc; path = main.m; sourceTree = "<group>"; };
		7AE9B0D321DEFDEC00330976 /* GLChartsView.m */ = {isa = PBXFileReference; fileEncoding = 4; lastKnownFileType = sourcecode.c.objc; path = GLChartsView.m; sourceTree = "<group>"; };
		7AE9B0D521DEFDEC00330976 /* GLChartsUtils.h */ = {isa = PBXFileReference; fileEncoding = 4; lastKnownFileType = sourcecode.c.h; path = GLChartsUtils.h; sourceTree = "<group>"; };
		7AE9B0D721DEFDEC00330976 /* GLChartsHighlightView.m */ = {isa = PBXFileReference; fileEncoding = 4; lastKnownFileType = sourcecode.c.objc; path = GLChartsHighlightView.m; sourceTree = "<group>"; };
		7AE9B0D821DEFDEC00330976 /* GLChartsHighlightFocusView.m */ = {isa = PBXFileReference; fileEncoding = 4; lastKnownFileType = sourcecode.c.objc; path = GLChartsHighlightFocusView.m; sourceTree = "<group>"; };
		7AE9B0D921DEFDEC00330976 /* GLChartsView.h */ = {isa = PBXFileReference; fileEncoding = 4; lastKnownFileType = sourcecode.c.h; path = GLChartsView.h; sourceTree = "<group>"; };
		7AE9B0DA21DEFDEC00330976 /* GLChartsHighlightView.h */ = {isa = PBXFileReference; fileEncoding = 4; lastKnownFileType = sourcecode.c.h; path = GLChartsHighlightView.h; sourceTree = "<group>"; };
		7AE9B0DC21DEFDEC00330976 /* GLChartsUtils.m */ = {isa = PBXFileReference; fileEncoding = 4; lastKnownFileType = sourcecode.c.objc; path = GLChartsUtils.m; sourceTree = "<group>"; };
		7AE9B0DE21DEFDEC00330976 /* GLChartsHighlightFocusView.h */ = {isa = PBXFileReference; fileEncoding = 4; lastKnownFileType = sourcecode.c.h; path = GLChartsHighlightFocusView.h; sourceTree = "<group>"; };
		7AE9B0E521DF0A5E00330976 /* PrefixHeader.pch */ = {isa = PBXFileReference; lastKnownFileType = sourcecode.c.h; path = PrefixHeader.pch; sourceTree = "<group>"; };
		7AE9B0E821DF534200330976 /* ChartsDefaultViewController.h */ = {isa = PBXFileReference; lastKnownFileType = sourcecode.c.h; path = ChartsDefaultViewController.h; sourceTree = "<group>"; };
		7AE9B0E921DF534200330976 /* ChartsDefaultViewController.m */ = {isa = PBXFileReference; lastKnownFileType = sourcecode.c.objc; path = ChartsDefaultViewController.m; sourceTree = "<group>"; };
		7AE9B0EB21DF55AF00330976 /* ChartsCustomFocusViewController.h */ = {isa = PBXFileReference; lastKnownFileType = sourcecode.c.h; path = ChartsCustomFocusViewController.h; sourceTree = "<group>"; };
		7AE9B0EC21DF55AF00330976 /* ChartsCustomFocusViewController.m */ = {isa = PBXFileReference; lastKnownFileType = sourcecode.c.objc; path = ChartsCustomFocusViewController.m; sourceTree = "<group>"; };
		7AE9B0EE21DF55FB00330976 /* ChartsCustomHighlightViewController.h */ = {isa = PBXFileReference; lastKnownFileType = sourcecode.c.h; path = ChartsCustomHighlightViewController.h; sourceTree = "<group>"; };
		7AE9B0EF21DF55FB00330976 /* ChartsCustomHighlightViewController.m */ = {isa = PBXFileReference; lastKnownFileType = sourcecode.c.objc; path = ChartsCustomHighlightViewController.m; sourceTree = "<group>"; };
		7AE9B0F121DF572100330976 /* ChartsCustomAxisViewController.h */ = {isa = PBXFileReference; lastKnownFileType = sourcecode.c.h; path = ChartsCustomAxisViewController.h; sourceTree = "<group>"; };
		7AE9B0F221DF572100330976 /* ChartsCustomAxisViewController.m */ = {isa = PBXFileReference; lastKnownFileType = sourcecode.c.objc; path = ChartsCustomAxisViewController.m; sourceTree = "<group>"; };
		7AE9B0F421DF57F900330976 /* ChartsCustomGridViewController.h */ = {isa = PBXFileReference; lastKnownFileType = sourcecode.c.h; path = ChartsCustomGridViewController.h; sourceTree = "<group>"; };
		7AE9B0F521DF57F900330976 /* ChartsCustomGridViewController.m */ = {isa = PBXFileReference; lastKnownFileType = sourcecode.c.objc; path = ChartsCustomGridViewController.m; sourceTree = "<group>"; };
		7AE9B0F721DF5BB100330976 /* ChartsCustomFocusAnimationViewController.h */ = {isa = PBXFileReference; lastKnownFileType = sourcecode.c.h; path = ChartsCustomFocusAnimationViewController.h; sourceTree = "<group>"; };
		7AE9B0F821DF5BB100330976 /* ChartsCustomFocusAnimationViewController.m */ = {isa = PBXFileReference; lastKnownFileType = sourcecode.c.objc; path = ChartsCustomFocusAnimationViewController.m; sourceTree = "<group>"; };
		7AE9B0FA21E0B47400330976 /* ChartsBaseViewController.h */ = {isa = PBXFileReference; lastKnownFileType = sourcecode.c.h; path = ChartsBaseViewController.h; sourceTree = "<group>"; };
		7AE9B0FB21E0B47400330976 /* ChartsBaseViewController.m */ = {isa = PBXFileReference; lastKnownFileType = sourcecode.c.objc; path = ChartsBaseViewController.m; sourceTree = "<group>"; };
		7AE9B10321E1EE9B00330976 /* defaultDatas.geojson */ = {isa = PBXFileReference; lastKnownFileType = text; path = defaultDatas.geojson; sourceTree = "<group>"; };
		7AE9B10521E3361600330976 /* CustomHighlightView.h */ = {isa = PBXFileReference; lastKnownFileType = sourcecode.c.h; path = CustomHighlightView.h; sourceTree = "<group>"; };
		7AE9B10621E3361600330976 /* CustomHighlightView.m */ = {isa = PBXFileReference; lastKnownFileType = sourcecode.c.objc; path = CustomHighlightView.m; sourceTree = "<group>"; };
		AD55D14CA146487D84C89CE0 /* Pods-GLChartsView.debug.xcconfig */ = {isa = PBXFileReference; includeInIndex = 1; lastKnownFileType = text.xcconfig; name = "Pods-GLChartsView.debug.xcconfig"; path = "Pods/Target Support Files/Pods-GLChartsView/Pods-GLChartsView.debug.xcconfig"; sourceTree = "<group>"; };
		F127DC92189CE1B01136C86E /* Pods-GLChartsView.release.xcconfig */ = {isa = PBXFileReference; includeInIndex = 1; lastKnownFileType = text.xcconfig; name = "Pods-GLChartsView.release.xcconfig"; path = "Pods/Target Support Files/Pods-GLChartsView/Pods-GLChartsView.release.xcconfig"; sourceTree = "<group>"; };
/* End PBXFileReference section */

/* Begin PBXFrameworksBuildPhase section */
		7AE9B0B621DEFCE000330976 /* Frameworks */ = {
			isa = PBXFrameworksBuildPhase;
			buildActionMask = 2147483647;
			files = (
				FED08EA56B56C89C280B5A4D /* libPods-GLChartsView.a in Frameworks */,
			);
			runOnlyForDeploymentPostprocessing = 0;
		};
/* End PBXFrameworksBuildPhase section */

/* Begin PBXGroup section */
		236FC5140FA4B86AE5F3926C /* Pods */ = {
			isa = PBXGroup;
			children = (
				AD55D14CA146487D84C89CE0 /* Pods-GLChartsView.debug.xcconfig */,
				F127DC92189CE1B01136C86E /* Pods-GLChartsView.release.xcconfig */,
			);
			name = Pods;
			sourceTree = "<group>";
		};
		786292F2A6F43D75890AF195 /* Frameworks */ = {
			isa = PBXGroup;
			children = (
				2A242053F524F3F0E6EF3401 /* libPods-GLChartsView.a */,
			);
			name = Frameworks;
			sourceTree = "<group>";
		};
		7AE9B0B021DEFCE000330976 = {
			isa = PBXGroup;
			children = (
				7AE9B0BB21DEFCE000330976 /* GLChartsView */,
				7AE9B0BA21DEFCE000330976 /* Products */,
				236FC5140FA4B86AE5F3926C /* Pods */,
				786292F2A6F43D75890AF195 /* Frameworks */,
			);
			sourceTree = "<group>";
		};
		7AE9B0BA21DEFCE000330976 /* Products */ = {
			isa = PBXGroup;
			children = (
				7AE9B0B921DEFCE000330976 /* GLChartsView.app */,
			);
			name = Products;
			sourceTree = "<group>";
		};
		7AE9B0BB21DEFCE000330976 /* GLChartsView */ = {
			isa = PBXGroup;
			children = (
				7AE9B0D221DEFDEC00330976 /* GLChartsView */,
				7AE9B0BC21DEFCE000330976 /* AppDelegate.h */,
				7AE9B0BD21DEFCE000330976 /* AppDelegate.m */,
				7AE9B0BF21DEFCE000330976 /* ViewController.h */,
				7AE9B0C021DEFCE000330976 /* ViewController.m */,
				7AE9B10321E1EE9B00330976 /* defaultDatas.geojson */,
				7AE9B0FA21E0B47400330976 /* ChartsBaseViewController.h */,
				7AE9B0FB21E0B47400330976 /* ChartsBaseViewController.m */,
				7AE9B0FD21E0B7E400330976 /* ChartsDefaultViewController */,
				7AE9B0FE21E0B7F700330976 /* ChartsCustomFocusViewController */,
				7AE9B0FF21E0B80500330976 /* ChartsCustomFocusAnimationViewController */,
				7AE9B10021E0B81B00330976 /* ChartsCustomHighlightViewController */,
				7AE9B10121E0B83800330976 /* ChartsCustomAxisViewController */,
				7AE9B10221E0B84200330976 /* ChartsCustomGridViewController */,
				7AE9B0C221DEFCE000330976 /* Main.storyboard */,
				7AE9B0C521DEFCE200330976 /* Assets.xcassets */,
				7AE9B0C721DEFCE200330976 /* LaunchScreen.storyboard */,
				7AE9B0CA21DEFCE200330976 /* Info.plist */,
				7AE9B0E521DF0A5E00330976 /* PrefixHeader.pch */,
				7AE9B0CB21DEFCE200330976 /* main.m */,
			);
			path = GLChartsView;
			sourceTree = "<group>";
		};
		7AE9B0D221DEFDEC00330976 /* GLChartsView */ = {
			isa = PBXGroup;
			children = (
				7AE9B0D521DEFDEC00330976 /* GLChartsUtils.h */,
				7AE9B0DC21DEFDEC00330976 /* GLChartsUtils.m */,
				7AE9B0DA21DEFDEC00330976 /* GLChartsHighlightView.h */,
				7AE9B0D721DEFDEC00330976 /* GLChartsHighlightView.m */,
				7AE9B0DE21DEFDEC00330976 /* GLChartsHighlightFocusView.h */,
				7AE9B0D821DEFDEC00330976 /* GLChartsHighlightFocusView.m */,
				7AE9B0D921DEFDEC00330976 /* GLChartsView.h */,
				7AE9B0D321DEFDEC00330976 /* GLChartsView.m */,
			);
			path = GLChartsView;
			sourceTree = "<group>";
		};
		7AE9B0FD21E0B7E400330976 /* ChartsDefaultViewController */ = {
			isa = PBXGroup;
			children = (
				7AE9B0E821DF534200330976 /* ChartsDefaultViewController.h */,
				7AE9B0E921DF534200330976 /* ChartsDefaultViewController.m */,
			);
			path = ChartsDefaultViewController;
			sourceTree = "<group>";
		};
		7AE9B0FE21E0B7F700330976 /* ChartsCustomFocusViewController */ = {
			isa = PBXGroup;
			children = (
				7AE9B0EB21DF55AF00330976 /* ChartsCustomFocusViewController.h */,
				7AE9B0EC21DF55AF00330976 /* ChartsCustomFocusViewController.m */,
				7A70D3DA21E44C1000F42FFD /* CustomHighlightFocusView.h */,
				7A70D3DB21E44C1000F42FFD /* CustomHighlightFocusView.m */,
			);
			path = ChartsCustomFocusViewController;
			sourceTree = "<group>";
		};
		7AE9B0FF21E0B80500330976 /* ChartsCustomFocusAnimationViewController */ = {
			isa = PBXGroup;
			children = (
				7AE9B0F721DF5BB100330976 /* ChartsCustomFocusAnimationViewController.h */,
				7AE9B0F821DF5BB100330976 /* ChartsCustomFocusAnimationViewController.m */,
			);
			path = ChartsCustomFocusAnimationViewController;
			sourceTree = "<group>";
		};
		7AE9B10021E0B81B00330976 /* ChartsCustomHighlightViewController */ = {
			isa = PBXGroup;
			children = (
				7AE9B0EE21DF55FB00330976 /* ChartsCustomHighlightViewController.h */,
				7AE9B0EF21DF55FB00330976 /* ChartsCustomHighlightViewController.m */,
				7AE9B10521E3361600330976 /* CustomHighlightView.h */,
				7AE9B10621E3361600330976 /* CustomHighlightView.m */,
			);
			path = ChartsCustomHighlightViewController;
			sourceTree = "<group>";
		};
		7AE9B10121E0B83800330976 /* ChartsCustomAxisViewController */ = {
			isa = PBXGroup;
			children = (
				7AE9B0F121DF572100330976 /* ChartsCustomAxisViewController.h */,
				7AE9B0F221DF572100330976 /* ChartsCustomAxisViewController.m */,
			);
			path = ChartsCustomAxisViewController;
			sourceTree = "<group>";
		};
		7AE9B10221E0B84200330976 /* ChartsCustomGridViewController */ = {
			isa = PBXGroup;
			children = (
				7AE9B0F421DF57F900330976 /* ChartsCustomGridViewController.h */,
				7AE9B0F521DF57F900330976 /* ChartsCustomGridViewController.m */,
			);
			path = ChartsCustomGridViewController;
			sourceTree = "<group>";
		};
/* End PBXGroup section */

/* Begin PBXNativeTarget section */
		7AE9B0B821DEFCE000330976 /* GLChartsView */ = {
			isa = PBXNativeTarget;
			buildConfigurationList = 7AE9B0CF21DEFCE200330976 /* Build configuration list for PBXNativeTarget "GLChartsView" */;
			buildPhases = (
				F6201142D5AAF3CB241B0BBE /* [CP] Check Pods Manifest.lock */,
				7AE9B0B521DEFCE000330976 /* Sources */,
				7AE9B0B621DEFCE000330976 /* Frameworks */,
				7AE9B0B721DEFCE000330976 /* Resources */,
			);
			buildRules = (
			);
			dependencies = (
			);
			name = GLChartsView;
			productName = GLChartsView;
			productReference = 7AE9B0B921DEFCE000330976 /* GLChartsView.app */;
			productType = "com.apple.product-type.application";
		};
/* End PBXNativeTarget section */

/* Begin PBXProject section */
		7AE9B0B121DEFCE000330976 /* Project object */ = {
			isa = PBXProject;
			attributes = {
				LastUpgradeCheck = 1010;
				ORGANIZATIONNAME = "雷国林";
				TargetAttributes = {
					7AE9B0B821DEFCE000330976 = {
						CreatedOnToolsVersion = 10.1;
					};
				};
			};
			buildConfigurationList = 7AE9B0B421DEFCE000330976 /* Build configuration list for PBXProject "GLChartsView" */;
			compatibilityVersion = "Xcode 9.3";
			developmentRegion = en;
			hasScannedForEncodings = 0;
			knownRegions = (
				en,
				Base,
			);
			mainGroup = 7AE9B0B021DEFCE000330976;
			productRefGroup = 7AE9B0BA21DEFCE000330976 /* Products */;
			projectDirPath = "";
			projectRoot = "";
			targets = (
				7AE9B0B821DEFCE000330976 /* GLChartsView */,
			);
		};
/* End PBXProject section */

/* Begin PBXResourcesBuildPhase section */
		7AE9B0B721DEFCE000330976 /* Resources */ = {
			isa = PBXResourcesBuildPhase;
			buildActionMask = 2147483647;
			files = (
				7AE9B0C921DEFCE200330976 /* LaunchScreen.storyboard in Resources */,
				7AE9B10421E1EE9B00330976 /* defaultDatas.geojson in Resources */,
				7AE9B0C621DEFCE200330976 /* Assets.xcassets in Resources */,
				7AE9B0C421DEFCE000330976 /* Main.storyboard in Resources */,
			);
			runOnlyForDeploymentPostprocessing = 0;
		};
/* End PBXResourcesBuildPhase section */

/* Begin PBXShellScriptBuildPhase section */
		F6201142D5AAF3CB241B0BBE /* [CP] Check Pods Manifest.lock */ = {
			isa = PBXShellScriptBuildPhase;
			buildActionMask = 2147483647;
			files = (
			);
			inputFileListPaths = (
			);
			inputPaths = (
				"${PODS_PODFILE_DIR_PATH}/Podfile.lock",
				"${PODS_ROOT}/Manifest.lock",
			);
			name = "[CP] Check Pods Manifest.lock";
			outputFileListPaths = (
			);
			outputPaths = (
				"$(DERIVED_FILE_DIR)/Pods-GLChartsView-checkManifestLockResult.txt",
			);
			runOnlyForDeploymentPostprocessing = 0;
			shellPath = /bin/sh;
			shellScript = "diff \"${PODS_PODFILE_DIR_PATH}/Podfile.lock\" \"${PODS_ROOT}/Manifest.lock\" > /dev/null\nif [ $? != 0 ] ; then\n    # print error to STDERR\n    echo \"error: The sandbox is not in sync with the Podfile.lock. Run 'pod install' or update your CocoaPods installation.\" >&2\n    exit 1\nfi\n# This output is used by Xcode 'outputs' to avoid re-running this script phase.\necho \"SUCCESS\" > \"${SCRIPT_OUTPUT_FILE_0}\"\n";
			showEnvVarsInLog = 0;
		};
/* End PBXShellScriptBuildPhase section */

/* Begin PBXSourcesBuildPhase section */
		7AE9B0B521DEFCE000330976 /* Sources */ = {
			isa = PBXSourcesBuildPhase;
			buildActionMask = 2147483647;
			files = (
				7AE9B0F921DF5BB100330976 /* ChartsCustomFocusAnimationViewController.m in Sources */,
				7AE9B10721E3361600330976 /* CustomHighlightView.m in Sources */,
				7AE9B0E421DEFDEC00330976 /* GLChartsUtils.m in Sources */,
				7A70D3DC21E44C1000F42FFD /* CustomHighlightFocusView.m in Sources */,
				7AE9B0EA21DF534200330976 /* ChartsDefaultViewController.m in Sources */,
				7AE9B0C121DEFCE000330976 /* ViewController.m in Sources */,
				7AE9B0F321DF572100330976 /* ChartsCustomAxisViewController.m in Sources */,
				7AE9B0F621DF57F900330976 /* ChartsCustomGridViewController.m in Sources */,
				7AE9B0ED21DF55AF00330976 /* ChartsCustomFocusViewController.m in Sources */,
				7AE9B0DF21DEFDEC00330976 /* GLChartsView.m in Sources */,
				7AE9B0FC21E0B47400330976 /* ChartsBaseViewController.m in Sources */,
				7AE9B0E221DEFDEC00330976 /* GLChartsHighlightView.m in Sources */,
				7AE9B0CC21DEFCE200330976 /* main.m in Sources */,
				7AE9B0BE21DEFCE000330976 /* AppDelegate.m in Sources */,
				7AE9B0F021DF55FB00330976 /* ChartsCustomHighlightViewController.m in Sources */,
				7AE9B0E321DEFDEC00330976 /* GLChartsHighlightFocusView.m in Sources */,
			);
			runOnlyForDeploymentPostprocessing = 0;
		};
/* End PBXSourcesBuildPhase section */

/* Begin PBXVariantGroup section */
		7AE9B0C221DEFCE000330976 /* Main.storyboard */ = {
			isa = PBXVariantGroup;
			children = (
				7AE9B0C321DEFCE000330976 /* Base */,
			);
			name = Main.storyboard;
			sourceTree = "<group>";
		};
		7AE9B0C721DEFCE200330976 /* LaunchScreen.storyboard */ = {
			isa = PBXVariantGroup;
			children = (
				7AE9B0C821DEFCE200330976 /* Base */,
			);
			name = LaunchScreen.storyboard;
			sourceTree = "<group>";
		};
/* End PBXVariantGroup section */

/* Begin XCBuildConfiguration section */
		7AE9B0CD21DEFCE200330976 /* Debug */ = {
			isa = XCBuildConfiguration;
			buildSettings = {
				ALWAYS_SEARCH_USER_PATHS = NO;
				CLANG_ANALYZER_NONNULL = YES;
				CLANG_ANALYZER_NUMBER_OBJECT_CONVERSION = YES_AGGRESSIVE;
				CLANG_CXX_LANGUAGE_STANDARD = "gnu++14";
				CLANG_CXX_LIBRARY = "libc++";
				CLANG_ENABLE_MODULES = YES;
				CLANG_ENABLE_OBJC_ARC = YES;
				CLANG_ENABLE_OBJC_WEAK = YES;
				CLANG_WARN_BLOCK_CAPTURE_AUTORELEASING = YES;
				CLANG_WARN_BOOL_CONVERSION = YES;
				CLANG_WARN_COMMA = YES;
				CLANG_WARN_CONSTANT_CONVERSION = YES;
				CLANG_WARN_DEPRECATED_OBJC_IMPLEMENTATIONS = YES;
				CLANG_WARN_DIRECT_OBJC_ISA_USAGE = YES_ERROR;
				CLANG_WARN_DOCUMENTATION_COMMENTS = YES;
				CLANG_WARN_EMPTY_BODY = YES;
				CLANG_WARN_ENUM_CONVERSION = YES;
				CLANG_WARN_INFINITE_RECURSION = YES;
				CLANG_WARN_INT_CONVERSION = YES;
				CLANG_WARN_NON_LITERAL_NULL_CONVERSION = YES;
				CLANG_WARN_OBJC_IMPLICIT_RETAIN_SELF = YES;
				CLANG_WARN_OBJC_LITERAL_CONVERSION = YES;
				CLANG_WARN_OBJC_ROOT_CLASS = YES_ERROR;
				CLANG_WARN_RANGE_LOOP_ANALYSIS = YES;
				CLANG_WARN_STRICT_PROTOTYPES = YES;
				CLANG_WARN_SUSPICIOUS_MOVE = YES;
				CLANG_WARN_UNGUARDED_AVAILABILITY = YES_AGGRESSIVE;
				CLANG_WARN_UNREACHABLE_CODE = YES;
				CLANG_WARN__DUPLICATE_METHOD_MATCH = YES;
				CODE_SIGN_IDENTITY = "iPhone Developer";
				COPY_PHASE_STRIP = NO;
				DEBUG_INFORMATION_FORMAT = dwarf;
				ENABLE_STRICT_OBJC_MSGSEND = YES;
				ENABLE_TESTABILITY = YES;
				GCC_C_LANGUAGE_STANDARD = gnu11;
				GCC_DYNAMIC_NO_PIC = NO;
				GCC_NO_COMMON_BLOCKS = YES;
				GCC_OPTIMIZATION_LEVEL = 0;
				GCC_PREPROCESSOR_DEFINITIONS = (
					"DEBUG=1",
					"$(inherited)",
				);
				GCC_WARN_64_TO_32_BIT_CONVERSION = YES;
				GCC_WARN_ABOUT_RETURN_TYPE = YES_ERROR;
				GCC_WARN_UNDECLARED_SELECTOR = YES;
				GCC_WARN_UNINITIALIZED_AUTOS = YES_AGGRESSIVE;
				GCC_WARN_UNUSED_FUNCTION = YES;
				GCC_WARN_UNUSED_VARIABLE = YES;
				IPHONEOS_DEPLOYMENT_TARGET = 10.0;
				MTL_ENABLE_DEBUG_INFO = INCLUDE_SOURCE;
				MTL_FAST_MATH = YES;
				ONLY_ACTIVE_ARCH = YES;
				SDKROOT = iphoneos;
			};
			name = Debug;
		};
		7AE9B0CE21DEFCE200330976 /* Release */ = {
			isa = XCBuildConfiguration;
			buildSettings = {
				ALWAYS_SEARCH_USER_PATHS = NO;
				CLANG_ANALYZER_NONNULL = YES;
				CLANG_ANALYZER_NUMBER_OBJECT_CONVERSION = YES_AGGRESSIVE;
				CLANG_CXX_LANGUAGE_STANDARD = "gnu++14";
				CLANG_CXX_LIBRARY = "libc++";
				CLANG_ENABLE_MODULES = YES;
				CLANG_ENABLE_OBJC_ARC = YES;
				CLANG_ENABLE_OBJC_WEAK = YES;
				CLANG_WARN_BLOCK_CAPTURE_AUTORELEASING = YES;
				CLANG_WARN_BOOL_CONVERSION = YES;
				CLANG_WARN_COMMA = YES;
				CLANG_WARN_CONSTANT_CONVERSION = YES;
				CLANG_WARN_DEPRECATED_OBJC_IMPLEMENTATIONS = YES;
				CLANG_WARN_DIRECT_OBJC_ISA_USAGE = YES_ERROR;
				CLANG_WARN_DOCUMENTATION_COMMENTS = YES;
				CLANG_WARN_EMPTY_BODY = YES;
				CLANG_WARN_ENUM_CONVERSION = YES;
				CLANG_WARN_INFINITE_RECURSION = YES;
				CLANG_WARN_INT_CONVERSION = YES;
				CLANG_WARN_NON_LITERAL_NULL_CONVERSION = YES;
				CLANG_WARN_OBJC_IMPLICIT_RETAIN_SELF = YES;
				CLANG_WARN_OBJC_LITERAL_CONVERSION = YES;
				CLANG_WARN_OBJC_ROOT_CLASS = YES_ERROR;
				CLANG_WARN_RANGE_LOOP_ANALYSIS = YES;
				CLANG_WARN_STRICT_PROTOTYPES = YES;
				CLANG_WARN_SUSPICIOUS_MOVE = YES;
				CLANG_WARN_UNGUARDED_AVAILABILITY = YES_AGGRESSIVE;
				CLANG_WARN_UNREACHABLE_CODE = YES;
				CLANG_WARN__DUPLICATE_METHOD_MATCH = YES;
				CODE_SIGN_IDENTITY = "iPhone Developer";
				COPY_PHASE_STRIP = NO;
				DEBUG_INFORMATION_FORMAT = "dwarf-with-dsym";
				ENABLE_NS_ASSERTIONS = NO;
				ENABLE_STRICT_OBJC_MSGSEND = YES;
				GCC_C_LANGUAGE_STANDARD = gnu11;
				GCC_NO_COMMON_BLOCKS = YES;
				GCC_WARN_64_TO_32_BIT_CONVERSION = YES;
				GCC_WARN_ABOUT_RETURN_TYPE = YES_ERROR;
				GCC_WARN_UNDECLARED_SELECTOR = YES;
				GCC_WARN_UNINITIALIZED_AUTOS = YES_AGGRESSIVE;
				GCC_WARN_UNUSED_FUNCTION = YES;
				GCC_WARN_UNUSED_VARIABLE = YES;
				IPHONEOS_DEPLOYMENT_TARGET = 10.0;
				MTL_ENABLE_DEBUG_INFO = NO;
				MTL_FAST_MATH = YES;
				SDKROOT = iphoneos;
				VALIDATE_PRODUCT = YES;
			};
			name = Release;
		};
		7AE9B0D021DEFCE200330976 /* Debug */ = {
			isa = XCBuildConfiguration;
			baseConfigurationReference = AD55D14CA146487D84C89CE0 /* Pods-GLChartsView.debug.xcconfig */;
			buildSettings = {
				ASSETCATALOG_COMPILER_APPICON_NAME = AppIcon;
				CODE_SIGN_STYLE = Automatic;
				DEVELOPMENT_TEAM = W5R7533S79;
				GCC_PREFIX_HEADER = "$(SRCROOT)/GLChartsView/PrefixHeader.pch";
				INFOPLIST_FILE = GLChartsView/Info.plist;
				IPHONEOS_DEPLOYMENT_TARGET = 10.0;
				LD_RUNPATH_SEARCH_PATHS = (
					"$(inherited)",
					"@executable_path/Frameworks",
				);
				PRODUCT_BUNDLE_IDENTIFIER = com.huobi.GLCrossLinkage.GLChartsView;
				PRODUCT_NAME = "$(TARGET_NAME)";
				TARGETED_DEVICE_FAMILY = "1,2";
			};
			name = Debug;
		};
		7AE9B0D121DEFCE200330976 /* Release */ = {
			isa = XCBuildConfiguration;
			baseConfigurationReference = F127DC92189CE1B01136C86E /* Pods-GLChartsView.release.xcconfig */;
			buildSettings = {
				ASSETCATALOG_COMPILER_APPICON_NAME = AppIcon;
				CODE_SIGN_STYLE = Automatic;
				DEVELOPMENT_TEAM = W5R7533S79;
				GCC_PREFIX_HEADER = "$(SRCROOT)/GLChartsView/PrefixHeader.pch";
				INFOPLIST_FILE = GLChartsView/Info.plist;
				IPHONEOS_DEPLOYMENT_TARGET = 10.0;
				LD_RUNPATH_SEARCH_PATHS = (
					"$(inherited)",
					"@executable_path/Frameworks",
				);
				PRODUCT_BUNDLE_IDENTIFIER = com.huobi.GLCrossLinkage.GLChartsView;
				PRODUCT_NAME = "$(TARGET_NAME)";
				TARGETED_DEVICE_FAMILY = "1,2";
			};
			name = Release;
		};
/* End XCBuildConfiguration section */

/* Begin XCConfigurationList section */
		7AE9B0B421DEFCE000330976 /* Build configuration list for PBXProject "GLChartsView" */ = {
			isa = XCConfigurationList;
			buildConfigurations = (
				7AE9B0CD21DEFCE200330976 /* Debug */,
				7AE9B0CE21DEFCE200330976 /* Release */,
			);
			defaultConfigurationIsVisible = 0;
			defaultConfigurationName = Release;
		};
		7AE9B0CF21DEFCE200330976 /* Build configuration list for PBXNativeTarget "GLChartsView" */ = {
			isa = XCConfigurationList;
			buildConfigurations = (
				7AE9B0D021DEFCE200330976 /* Debug */,
				7AE9B0D121DEFCE200330976 /* Release */,
			);
			defaultConfigurationIsVisible = 0;
			defaultConfigurationName = Release;
		};
/* End XCConfigurationList section */
	};
	rootObject = 7AE9B0B121DEFCE000330976 /* Project object */;
}
